{
  "name": "xboson-node-modules",
  "version": "1.0.0",
  "lockfileVersion": 1,
  "requires": true,
  "dependencies": {
    "clean-css": {
      "version": "5.1.3",
      "resolved": "https://registry.npmjs.org/clean-css/-/clean-css-5.1.3.tgz",
      "integrity": "sha512-qGXzUCDpLwAlPx0kYeU4QXjzQIcIYZbJjD4FNm7NnSjoP0hYMVZhHOpUYJ6AwfkMX2cceLRq54MeCgHy/va1cA==",
      "requires": {
        "source-map": "~0.6.0"
      }
    },
    "commander": {
      "version": "8.0.0",
      "resolved": "https://registry.npmjs.org/commander/-/commander-8.0.0.tgz",
      "integrity": "sha512-Xvf85aAtu6v22+E5hfVoLHqyul/jyxh91zvqk/ioJTQuJR7Z78n7H558vMPKanPSRgIEeZemT92I2g9Y8LPbSQ=="
    },
    "daffy": {
      "version": "1.0.3",
      "resolved": "http://localhost:6070/daffy/-/daffy-1.0.3.tgz",
      "integrity": "sha1-rwyNMRzfRHBwOyZGkRsXE4vF6cg=",
      "requires": {
        "diff-match-patch": "~1.0.0"
      }
    },
    "diff-match-patch": {
      "version": "1.0.0",
      "resolved": "http://localhost:6070/diff-match-patch/-/diff-match-patch-1.0.0.tgz",
      "integrity": "sha1-HMPIOkkNZ/ldkeOfatHy4Ia2MEg="
    },
    "difflib": {
      "version": "0.2.4",
      "resolved": "http://localhost:6070/difflib/-/difflib-0.2.4.tgz",
      "integrity": "sha1-teMDYabbAjF21WKJLbhZQKcY9H4=",
      "requires": {
        "heap": ">= 0.2.0"
      }
    },
    "fastscan": {
      "version": "1.0.6",
      "resolved": "https://registry.npmjs.org/fastscan/-/fastscan-1.0.6.tgz",
      "integrity": "sha512-PGpoEDNcA4CEvLgJ0p8zN16A7jy1+F2VnxtEHq8ShafOd1SvAdEEnrlm7ZJQ0XxRka+bltaqYbB+lw2sSug6Hw=="
    },
    "heap": {
      "version": "0.2.6",
      "resolved": "http://localhost:6070/heap/-/heap-0.2.6.tgz",
      "integrity": "sha1-CH4fELBGky/IWU3Z5tN4r8nR5aw="
    },
    "source-map": {
      "version": "0.6.1",
      "resolved": "https://registry.npmjs.org/source-map/-/source-map-0.6.1.tgz",
      "integrity": "sha512-UjgapumWlbMhkBgzT7Ykc5YXUT46F0iKu8SGXq0bcwP5dz/h0Plj6enJqjz1Zbq2l5WaqYnrVbwWOWMyF3F47g=="
    },
    "uglify-js": {
      "version": "3.14.0",
      "resolved": "https://registry.npmjs.org/uglify-js/-/uglify-js-3.14.0.tgz",
      "integrity": "sha512-R/tiGB1ZXp2BC+TkRGLwj8xUZgdfT2f4UZEgX6aVjJ5uttPrr4fYmwTWDGqVnBCLbOXRMY6nr/BTbwCtVfps0g=="
    }
  }
}
