{
  "name": "xboson-node-modules",
  "version": "1.0.0",
  "lockfileVersion": 1,
  "requires": true,
  "dependencies": {
    "clean-css": {
      "version": "5.1.3",
      "resolved": "https://registry.npmjs.org/clean-css/-/clean-css-5.1.3.tgz",
      "integrity": "sha512-qGXzUCDpLwAlPx0kYeU4QXjzQIcIYZbJjD4FNm7NnSjoP0hYMVZhHOpUYJ6AwfkMX2cceLRq54MeCgHy/va1cA==",
      "requires": {
        "source-map": "~0.6.0"
      }
    },
    "commander": {
      "version": "8.0.0",
      "resolved": "https://registry.npmjs.org/commander/-/commander-8.0.0.tgz",
      "integrity": "sha512-Xvf85aAtu6v22+E5hfVoLHqyul/jyxh91zvqk/ioJTQuJR7Z78n7H558vMPKanPSRgIEeZemT92I2g9Y8LPbSQ=="
    },
    "configuration-lib": {
      "version": "0.2.8",
      "resolved": "https://registry.npmjs.org/configuration-lib/-/configuration-lib-0.2.8.tgz",
      "integrity": "sha512-oUiv1TdtNAYYtA99P82UVduhpU37OUAWZcnNQYDO+zTrDMPhuZtWCuMczdzXzUPQk035VtD9cgyeu6y+raVc7g=="
    },
    "core-util-is": {
      "version": "1.0.2",
      "resolved": "https://registry.npmjs.org/core-util-is/-/core-util-is-1.0.2.tgz",
      "integrity": "sha1-tf1UIgqivFq1eqtxQMlAdUUDwac="
    },
    "daffy": {
      "version": "1.0.3",
      "resolved": "http://localhost:6070/daffy/-/daffy-1.0.3.tgz",
      "integrity": "sha1-rwyNMRzfRHBwOyZGkRsXE4vF6cg=",
      "requires": {
        "diff-match-patch": "~1.0.0"
      }
    },
    "diff-match-patch": {
      "version": "1.0.0",
      "resolved": "http://localhost:6070/diff-match-patch/-/diff-match-patch-1.0.0.tgz",
      "integrity": "sha1-HMPIOkkNZ/ldkeOfatHy4Ia2MEg="
    },
    "difflib": {
      "version": "0.2.4",
      "resolved": "http://localhost:6070/difflib/-/difflib-0.2.4.tgz",
      "integrity": "sha1-teMDYabbAjF21WKJLbhZQKcY9H4=",
      "requires": {
        "heap": ">= 0.2.0"
      }
    },
    "fastscan": {
      "version": "1.0.6",
      "resolved": "https://registry.npmjs.org/fastscan/-/fastscan-1.0.6.tgz",
      "integrity": "sha512-PGpoEDNcA4CEvLgJ0p8zN16A7jy1+F2VnxtEHq8ShafOd1SvAdEEnrlm7ZJQ0XxRka+bltaqYbB+lw2sSug6Hw=="
    },
    "heap": {
      "version": "0.2.6",
      "resolved": "http://localhost:6070/heap/-/heap-0.2.6.tgz",
      "integrity": "sha1-CH4fELBGky/IWU3Z5tN4r8nR5aw="
    },
    "inherits": {
      "version": "2.0.4",
      "resolved": "https://registry.npmjs.org/inherits/-/inherits-2.0.4.tgz",
      "integrity": "sha512-k/vGaX4/Yla3WzyMCvTQOXYeIHvqOKtnqBduzTHpzpQZzAskKMhZ2K+EnBiSM9zGSoIFeMpXKxa4dYeZIQqewQ=="
    },
    "isarray": {
      "version": "0.0.1",
      "resolved": "https://registry.npmjs.org/isarray/-/isarray-0.0.1.tgz",
      "integrity": "sha1-ihis/Kmo9Bd+Cav8YDiTmwXR7t8="
    },
    "log4js": {
      "version": "0.6.38",
      "resolved": "https://registry.npmjs.org/log4js/-/log4js-0.6.38.tgz",
      "integrity": "sha1-LElBFmldb7JUgJQ9P8hy5mKlIv0=",
      "requires": {
        "readable-stream": "~1.0.2",
        "semver": "~4.3.3"
      }
    },
    "logger-lib": {
      "version": "0.3.6",
      "resolved": "https://registry.npmjs.org/logger-lib/-/logger-lib-0.3.6.tgz",
      "integrity": "sha512-LOg9n8xmEITE/UBKFKOo4sj9zAH1wh3BX4spAQQf3ISbSozTcDjMoQpAZW3w9xlixMCmdGz/+QDdCK0UQVVJxA==",
      "requires": {
        "configuration-lib": "^0.2",
        "log4js": "^0.6.22"
      }
    },
    "mixer-lib": {
      "version": "0.2.12",
      "resolved": "https://registry.npmjs.org/mixer-lib/-/mixer-lib-0.2.12.tgz",
      "integrity": "sha512-MbnNclPd4xtFo1TTwZU/vBnoA12Sk7/UgBB5oAz5+e8y0663kpWShOyYxCdztRe+PFy/eLvjMHkmwaafAlrNlw==",
      "requires": {
        "configuration-lib": "^0.2.1",
        "logger-lib": "^0.3"
      }
    },
    "readable-stream": {
      "version": "1.0.34",
      "resolved": "https://registry.npmjs.org/readable-stream/-/readable-stream-1.0.34.tgz",
      "integrity": "sha1-Elgg40vIQtLyqq+v5MKRbuMsFXw=",
      "requires": {
        "core-util-is": "~1.0.0",
        "inherits": "~2.0.1",
        "isarray": "0.0.1",
        "string_decoder": "~0.10.x"
      }
    },
    "semver": {
      "version": "4.3.6",
      "resolved": "https://registry.npmjs.org/semver/-/semver-4.3.6.tgz",
      "integrity": "sha1-MAvG4OhjdPe6YQaLWx7NV/xlMto="
    },
    "source-map": {
      "version": "0.6.1",
      "resolved": "https://registry.npmjs.org/source-map/-/source-map-0.6.1.tgz",
      "integrity": "sha512-UjgapumWlbMhkBgzT7Ykc5YXUT46F0iKu8SGXq0bcwP5dz/h0Plj6enJqjz1Zbq2l5WaqYnrVbwWOWMyF3F47g=="
    },
    "string_decoder": {
      "version": "0.10.31",
      "resolved": "https://registry.npmjs.org/string_decoder/-/string_decoder-0.10.31.tgz",
      "integrity": "sha1-YuIDvEF2bGwoyfyEMB2rHFMQ+pQ="
    },
    "uglify-js": {
      "version": "3.14.0",
      "resolved": "https://registry.npmjs.org/uglify-js/-/uglify-js-3.14.0.tgz",
      "integrity": "sha512-R/tiGB1ZXp2BC+TkRGLwj8xUZgdfT2f4UZEgX6aVjJ5uttPrr4fYmwTWDGqVnBCLbOXRMY6nr/BTbwCtVfps0g=="
    }
  }
}
